// !$*UTF8*$!
{
	archiveVersion = 1;
	classes = {
	};
	objectVersion = 77;
	objects = {

/* Begin PBXBuildFile section */
		170C21272F4790E00090BA78 /* CountryAdvisoryCard.swift in Sources */ = {isa = PBXBuildFile; fileRef = 170C20C02F4790E00090BA78 /* CountryAdvisoryCard.swift */; };
		170C21282F4790E00090BA78 /* CountryDetailView.swift in Sources */ = {isa = PBXBuildFile; fileRef = 170C20C12F4790E00090BA78 /* CountryDetailView.swift */; };
		170C21292F4790E00090BA78 /* CountryHeaderCard.swift in Sources */ = {isa = PBXBuildFile; fileRef = 170C20C22F4790E00090BA78 /* CountryHeaderCard.swift */; };
		170C212A2F4790E00090BA78 /* CountryScoreStyling.swift in Sources */ = {isa = PBXBuildFile; fileRef = 170C20C32F4790E00090BA78 /* CountryScoreStyling.swift */; };
		170C212B2F4790E00090BA78 /* CountrySeasonalityCard.swift in Sources */ = {isa = PBXBuildFile; fileRef = 170C20C42F4790E00090BA78 /* CountrySeasonalityCard.swift */; };
		170C212C2F4790E00090BA78 /* CountrySeasonalityHelpers.swift in Sources */ = {isa = PBXBuildFile; fileRef = 170C20C52F4790E00090BA78 /* CountrySeasonalityHelpers.swift */; };
		170C212D2F4790E00090BA78 /* CountryTextHelpers.swift in Sources */ = {isa = PBXBuildFile; fileRef = 170C20C62F4790E00090BA78 /* CountryTextHelpers.swift */; };
		170C212E2F4790E00090BA78 /* CountryTravelSafeCard.swift in Sources */ = {isa = PBXBuildFile; fileRef = 170C20C72F4790E00090BA78 /* CountryTravelSafeCard.swift */; };
		170C212F2F4790E00090BA78 /* CountryTravelSafeHelpers.swift in Sources */ = {isa = PBXBuildFile; fileRef = 170C20C82F4790E00090BA78 /* CountryTravelSafeHelpers.swift */; };
		170C21302F4790E00090BA78 /* CountryVisaCard.swift in Sources */ = {isa = PBXBuildFile; fileRef = 170C20C92F4790E00090BA78 /* CountryVisaCard.swift */; };
		170C21312F4790E00090BA78 /* CountryVisaHelpers.swift in Sources */ = {isa = PBXBuildFile; fileRef = 170C20CA2F4790E00090BA78 /* CountryVisaHelpers.swift */; };
		170C21322F4790E00090BA78 /* MetaDTO.swift in Sources */ = {isa = PBXBuildFile; fileRef = 170C20CC2F4790E00090BA78 /* MetaDTO.swift */; };
		170C21332F4790E00090BA78 /* Profile.swift in Sources */ = {isa = PBXBuildFile; fileRef = 170C20CE2F4790E00090BA78 /* Profile.swift */; };
		170C21342F4790E00090BA78 /* CollapsibleCountrySection.swift in Sources */ = {isa = PBXBuildFile; fileRef = 170C20D02F4790E00090BA78 /* CollapsibleCountrySection.swift */; };
		170C21352F4790E00090BA78 /* ScrollOffsetPreferenceKey.swift in Sources */ = {isa = PBXBuildFile; fileRef = 170C20D12F4790E00090BA78 /* ScrollOffsetPreferenceKey.swift */; };
		170C21362F4790E00090BA78 /* StatCard.swift in Sources */ = {isa = PBXBuildFile; fileRef = 170C20D22F4790E00090BA78 /* StatCard.swift */; };
		170C21372F4790E00090BA78 /* ProfileHeaderView.swift in Sources */ = {isa = PBXBuildFile; fileRef = 170C20D42F4790E00090BA78 /* ProfileHeaderView.swift */; };
		170C21382F4790E00090BA78 /* ProfileInfoSection.swift in Sources */ = {isa = PBXBuildFile; fileRef = 170C20D52F4790E00090BA78 /* ProfileInfoSection.swift */; };
		170C21392F4790E00090BA78 /* ProfileView.swift in Sources */ = {isa = PBXBuildFile; fileRef = 170C20D62F4790E00090BA78 /* ProfileView.swift */; };
		170C213A2F4790E00090BA78 /* ProfileSettingsAccountSection.swift in Sources */ = {isa = PBXBuildFile; fileRef = 170C20D92F4790E00090BA78 /* ProfileSettingsAccountSection.swift */; };
		170C213B2F4790E00090BA78 /* ProfileSettingsAvatarSection.swift in Sources */ = {isa = PBXBuildFile; fileRef = 170C20DA2F4790E00090BA78 /* ProfileSettingsAvatarSection.swift */; };
		170C213C2F4790E00090BA78 /* ProfileSettingsBackgroundSection.swift in Sources */ = {isa = PBXBuildFile; fileRef = 170C20DB2F4790E00090BA78 /* ProfileSettingsBackgroundSection.swift */; };
		170C213D2F4790E00090BA78 /* ProfileSettingsHeader.swift in Sources */ = {isa = PBXBuildFile; fileRef = 170C20DC2F4790E00090BA78 /* ProfileSettingsHeader.swift */; };
		170C213E2F4790E00090BA78 /* ProfileSettingsLanguagesSection.swift in Sources */ = {isa = PBXBuildFile; fileRef = 170C20DD2F4790E00090BA78 /* ProfileSettingsLanguagesSection.swift */; };
		170C213F2F4790E00090BA78 /* ProfileSettingsModels.swift in Sources */ = {isa = PBXBuildFile; fileRef = 170C20DE2F4790E00090BA78 /* ProfileSettingsModels.swift */; };
		170C21402F4790E00090BA78 /* ProfileSettingsNextDestinationSection.swift in Sources */ = {isa = PBXBuildFile; fileRef = 170C20DF2F4790E00090BA78 /* ProfileSettingsNextDestinationSection.swift */; };
		170C21412F4790E00090BA78 /* ProfileSettingsTravelSection.swift in Sources */ = {isa = PBXBuildFile; fileRef = 170C20E02F4790E00090BA78 /* ProfileSettingsTravelSection.swift */; };
		170C21422F4790E00090BA78 /* ProfileSettingsView.swift in Sources */ = {isa = PBXBuildFile; fileRef = 170C20E12F4790E00090BA78 /* ProfileSettingsView.swift */; };
		170C21432F4790E00090BA78 /* SectionCard.swift in Sources */ = {isa = PBXBuildFile; fileRef = 170C20E22F4790E00090BA78 /* SectionCard.swift */; };
		170C21442F4790E00090BA78 /* CountryMetadataResolver.swift in Sources */ = {isa = PBXBuildFile; fileRef = 170C20E42F4790E00090BA78 /* CountryMetadataResolver.swift */; };
		170C21452F4790E00090BA78 /* SeasonalityCache.swift in Sources */ = {isa = PBXBuildFile; fileRef = 170C20E52F4790E00090BA78 /* SeasonalityCache.swift */; };
		170C21462F4790E00090BA78 /* SeasonalityViewModel.swift in Sources */ = {isa = PBXBuildFile; fileRef = 170C20E62F4790E00090BA78 /* SeasonalityViewModel.swift */; };
		170C21472F4790E00090BA78 /* FriendService.swift in Sources */ = {isa = PBXBuildFile; fileRef = 170C20E82F4790E00090BA78 /* FriendService.swift */; };
		170C21482F4790E00090BA78 /* ListSyncService.swift in Sources */ = {isa = PBXBuildFile; fileRef = 170C20E92F4790E00090BA78 /* ListSyncService.swift */; };
		170C21492F4790E00090BA78 /* MetaService.swift in Sources */ = {isa = PBXBuildFile; fileRef = 170C20EA2F4790E00090BA78 /* MetaService.swift */; };
		170C214A2F4790E00090BA78 /* ProfileService.swift in Sources */ = {isa = PBXBuildFile; fileRef = 170C20EB2F4790E00090BA78 /* ProfileService.swift */; };
		170C214B2F4790E00090BA78 /* SeasonalityService.swift in Sources */ = {isa = PBXBuildFile; fileRef = 170C20EC2F4790E00090BA78 /* SeasonalityService.swift */; };
		170C214C2F4790E00090BA78 /* BucketListStore.swift in Sources */ = {isa = PBXBuildFile; fileRef = 170C20EE2F4790E00090BA78 /* BucketListStore.swift */; };
		170C214D2F4790E00090BA78 /* MetaStore.swift in Sources */ = {isa = PBXBuildFile; fileRef = 170C20EF2F4790E00090BA78 /* MetaStore.swift */; };
		170C214E2F4790E00090BA78 /* AppRootView.swift in Sources */ = {isa = PBXBuildFile; fileRef = 170C20F12F4790E00090BA78 /* AppRootView.swift */; };
		170C214F2F4790E00090BA78 /* AuthGate.swift in Sources */ = {isa = PBXBuildFile; fileRef = 170C20F42F4790E00090BA78 /* AuthGate.swift */; };
		170C21502F4790E00090BA78 /* AuthLandingView.swift in Sources */ = {isa = PBXBuildFile; fileRef = 170C20F52F4790E00090BA78 /* AuthLandingView.swift */; };
		170C21512F4790E00090BA78 /* AuthRequiredView.swift in Sources */ = {isa = PBXBuildFile; fileRef = 170C20F62F4790E00090BA78 /* AuthRequiredView.swift */; };
		170C21522F4790E00090BA78 /* AuthSheetView.swift in Sources */ = {isa = PBXBuildFile; fileRef = 170C20F72F4790E00090BA78 /* AuthSheetView.swift */; };
		170C21532F4790E00090BA78 /* BucketListView.swift in Sources */ = {isa = PBXBuildFile; fileRef = 170C20F82F4790E00090BA78 /* BucketListView.swift */; };
		170C21542F4790E00090BA78 /* BucketToggleButton.swift in Sources */ = {isa = PBXBuildFile; fileRef = 170C20F92F4790E00090BA78 /* BucketToggleButton.swift */; };
		170C21562F4790E00090BA78 /* Country.swift in Sources */ = {isa = PBXBuildFile; fileRef = 170C20FD2F4790E00090BA78 /* Country.swift */; };
		170C21572F4790E00090BA78 /* CountryAPI.swift in Sources */ = {isa = PBXBuildFile; fileRef = 170C20FE2F4790E00090BA78 /* CountryAPI.swift */; };
		170C21592F4790E00090BA78 /* CountryDTO.swift in Sources */ = {isa = PBXBuildFile; fileRef = 170C21002F4790E00090BA78 /* CountryDTO.swift */; };
		170C215A2F4790E00090BA78 /* CountryListView.swift in Sources */ = {isa = PBXBuildFile; fileRef = 170C21012F4790E00090BA78 /* CountryListView.swift */; };
		170C215B2F4790E00090BA78 /* CountryPreviewCardMobile.swift in Sources */ = {isa = PBXBuildFile; fileRef = 170C21022F4790E00090BA78 /* CountryPreviewCardMobile.swift */; };
		170C215D2F4790E00090BA78 /* DataLoader.swift in Sources */ = {isa = PBXBuildFile; fileRef = 170C21042F4790E00090BA78 /* DataLoader.swift */; };
		170C215E2F4790E00090BA78 /* DiscoveryView.swift in Sources */ = {isa = PBXBuildFile; fileRef = 170C21052F4790E00090BA78 /* DiscoveryView.swift */; };
		170C215F2F4790E00090BA78 /* FlagWithTooltip.swift in Sources */ = {isa = PBXBuildFile; fileRef = 170C21062F4790E00090BA78 /* FlagWithTooltip.swift */; };
		170C21602F4790E00090BA78 /* FriendRequestsView.swift in Sources */ = {isa = PBXBuildFile; fileRef = 170C21072F4790E00090BA78 /* FriendRequestsView.swift */; };
		170C21612F4790E00090BA78 /* FriendRequestsViewModel.swift in Sources */ = {isa = PBXBuildFile; fileRef = 170C21082F4790E00090BA78 /* FriendRequestsViewModel.swift */; };
		170C21622F4790E00090BA78 /* FriendsActionSheetView.swift in Sources */ = {isa = PBXBuildFile; fileRef = 170C21092F4790E00090BA78 /* FriendsActionSheetView.swift */; };
		170C21632F4790E00090BA78 /* FriendsSection.swift in Sources */ = {isa = PBXBuildFile; fileRef = 170C210A2F4790E00090BA78 /* FriendsSection.swift */; };
		170C21642F4790E00090BA78 /* FriendsView.swift in Sources */ = {isa = PBXBuildFile; fileRef = 170C210B2F4790E00090BA78 /* FriendsView.swift */; };
		170C21652F4790E00090BA78 /* FriendsViewModel.swift in Sources */ = {isa = PBXBuildFile; fileRef = 170C210C2F4790E00090BA78 /* FriendsViewModel.swift */; };
		170C21662F4790E00090BA78 /* FrostedCard.swift in Sources */ = {isa = PBXBuildFile; fileRef = 170C210D2F4790E00090BA78 /* FrostedCard.swift */; };
		170C21692F4790E00090BA78 /* LegalView.swift in Sources */ = {isa = PBXBuildFile; fileRef = 170C21122F4790E00090BA78 /* LegalView.swift */; };
		170C216A2F4790E00090BA78 /* MyTravelsView.swift in Sources */ = {isa = PBXBuildFile; fileRef = 170C21132F4790E00090BA78 /* MyTravelsView.swift */; };
		170C216B2F4790E00090BA78 /* ProfileViewModel.swift in Sources */ = {isa = PBXBuildFile; fileRef = 170C21142F4790E00090BA78 /* ProfileViewModel.swift */; };
		170C216C2F4790E00090BA78 /* RootTabView.swift in Sources */ = {isa = PBXBuildFile; fileRef = 170C21152F4790E00090BA78 /* RootTabView.swift */; };
		170C216D2F4790E00090BA78 /* ScoreColor.swift in Sources */ = {isa = PBXBuildFile; fileRef = 170C21162F4790E00090BA78 /* ScoreColor.swift */; };
		170C216E2F4790E00090BA78 /* ScoreCountryDrawerView.swift in Sources */ = {isa = PBXBuildFile; fileRef = 170C21172F4790E00090BA78 /* ScoreCountryDrawerView.swift */; };
		170C216F2F4790E00090BA78 /* ScoreWorldMapView.swift in Sources */ = {isa = PBXBuildFile; fileRef = 170C21182F4790E00090BA78 /* ScoreWorldMapView.swift */; };
		170C21702F4790E00090BA78 /* SeasonalityModels.swift in Sources */ = {isa = PBXBuildFile; fileRef = 170C21192F4790E00090BA78 /* SeasonalityModels.swift */; };
		170C21712F4790E00090BA78 /* SeasonalityUIHelpers.swift in Sources */ = {isa = PBXBuildFile; fileRef = 170C211A2F4790E00090BA78 /* SeasonalityUIHelpers.swift */; };
		170C21732F4790E00090BA78 /* TraveledStore.swift in Sources */ = {isa = PBXBuildFile; fileRef = 170C211C2F4790E00090BA78 /* TraveledStore.swift */; };
		170C21742F4790E00090BA78 /* TravelScoreriOSApp.swift in Sources */ = {isa = PBXBuildFile; fileRef = 170C211E2F4790E00090BA78 /* TravelScoreriOSApp.swift */; };
		170C21752F4790E00090BA78 /* VideoBackgroundView.swift in Sources */ = {isa = PBXBuildFile; fileRef = 170C211F2F4790E00090BA78 /* VideoBackgroundView.swift */; };
		170C21762F4790E00090BA78 /* WhenToGoModels.swift in Sources */ = {isa = PBXBuildFile; fileRef = 170C21202F4790E00090BA78 /* WhenToGoModels.swift */; };
		170C21772F4790E00090BA78 /* WhenToGoView.swift in Sources */ = {isa = PBXBuildFile; fileRef = 170C21212F4790E00090BA78 /* WhenToGoView.swift */; };
		170C21782F4790E00090BA78 /* WhenToGoViewModel.swift in Sources */ = {isa = PBXBuildFile; fileRef = 170C21222F4790E00090BA78 /* WhenToGoViewModel.swift */; };
		170C21792F4790E00090BA78 /* WorldGeoJSONLoader.swift in Sources */ = {isa = PBXBuildFile; fileRef = 170C21232F4790E00090BA78 /* WorldGeoJSONLoader.swift */; };
		170C217A2F4790E00090BA78 /* WorldMapView.swift in Sources */ = {isa = PBXBuildFile; fileRef = 170C21242F4790E00090BA78 /* WorldMapView.swift */; };
		170C217B2F4790E00090BA78 /* WrapChips.swift in Sources */ = {isa = PBXBuildFile; fileRef = 170C21252F4790E00090BA78 /* WrapChips.swift */; };
		170C217C2F4790E00090BA78 /* Assets.xcassets in Resources */ = {isa = PBXBuildFile; fileRef = 170C20F22F4790E00090BA78 /* Assets.xcassets */; };
		170C217D2F4790E00090BA78 /* auth_loop.mp4 in Resources */ = {isa = PBXBuildFile; fileRef = 170C20F32F4790E00090BA78 /* auth_loop.mp4 */; };
		170C217E2F4790E00090BA78 /* countries.geojson in Resources */ = {isa = PBXBuildFile; fileRef = 170C20FB2F4790E00090BA78 /* countries.geojson */; };
		170C21812F4790E00090BA78 /* intro.mp4 in Resources */ = {isa = PBXBuildFile; fileRef = 170C21102F4790E00090BA78 /* intro.mp4 */; };
		170C227F2F47A9880090BA78 /* ScorePill.swift in Sources */ = {isa = PBXBuildFile; fileRef = 170C227E2F47A9880090BA78 /* ScorePill.swift */; };
		170F3EC02F218C6C0083E900 /* APIConfig.swift in Sources */ = {isa = PBXBuildFile; fileRef = 170F3EBF2F218C6C0083E900 /* APIConfig.swift */; };
		17104CD72F49697500864630 /* WhenToGoCountryDrawerView.swift in Sources */ = {isa = PBXBuildFile; fileRef = 17104CD62F49697500864630 /* WhenToGoCountryDrawerView.swift */; };
		172A74C92F357340003EF4DF /* SessionManager.swift in Sources */ = {isa = PBXBuildFile; fileRef = 172A74C82F357340003EF4DF /* SessionManager.swift */; };
		1797962A2F49353000053B0B /* ProfileLoadingView.swift in Sources */ = {isa = PBXBuildFile; fileRef = 179796292F49353000053B0B /* ProfileLoadingView.swift */; };
		17A4EC7C2F47BE0F00627746 /* ProfileViewModel+Load.swift in Sources */ = {isa = PBXBuildFile; fileRef = 17A4EC7B2F47BE0F00627746 /* ProfileViewModel+Load.swift */; };
		17A4EC7E2F47BE1A00627746 /* ProfileViewModel+Save.swift in Sources */ = {isa = PBXBuildFile; fileRef = 17A4EC7D2F47BE1A00627746 /* ProfileViewModel+Save.swift */; };
		17A4EC802F47BE2400627746 /* ProfileViewModel+Relationship.swift in Sources */ = {isa = PBXBuildFile; fileRef = 17A4EC7F2F47BE2400627746 /* ProfileViewModel+Relationship.swift */; };
		17A4EC822F47BE3000627746 /* ProfileViewModel+Friends.swift in Sources */ = {isa = PBXBuildFile; fileRef = 17A4EC812F47BE3000627746 /* ProfileViewModel+Friends.swift */; };
		17A4EC842F47BE3A00627746 /* ProfileViewModel+Countries.swift in Sources */ = {isa = PBXBuildFile; fileRef = 17A4EC832F47BE3A00627746 /* ProfileViewModel+Countries.swift */; };
		17EE81642F49081000C8CEF2 /* ProfileSkeletonView.swift in Sources */ = {isa = PBXBuildFile; fileRef = 17EE81632F49081000C8CEF2 /* ProfileSkeletonView.swift */; };
		17F063812F32730600F1F4F3 /* SupabaseClient.swift in Sources */ = {isa = PBXBuildFile; fileRef = 17F063802F32730600F1F4F3 /* SupabaseClient.swift */; };
		17F063832F32732F00F1F4F3 /* AuthViewModel.swift in Sources */ = {isa = PBXBuildFile; fileRef = 17F063822F32732F00F1F4F3 /* AuthViewModel.swift */; };
		17F063852F32734800F1F4F3 /* EmailAuthView.swift in Sources */ = {isa = PBXBuildFile; fileRef = 17F063842F32734800F1F4F3 /* EmailAuthView.swift */; };
		17F063882F32747D00F1F4F3 /* Supabase in Frameworks */ = {isa = PBXBuildFile; productRef = 17F063872F32747D00F1F4F3 /* Supabase */; };
/* End PBXBuildFile section */

/* Begin PBXFileReference section */
		170C20C02F4790E00090BA78 /* CountryAdvisoryCard.swift */ = {isa = PBXFileReference; lastKnownFileType = sourcecode.swift; path = CountryAdvisoryCard.swift; sourceTree = "<group>"; };
		170C20C12F4790E00090BA78 /* CountryDetailView.swift */ = {isa = PBXFileReference; lastKnownFileType = sourcecode.swift; path = CountryDetailView.swift; sourceTree = "<group>"; };
		170C20C22F4790E00090BA78 /* CountryHeaderCard.swift */ = {isa = PBXFileReference; lastKnownFileType = sourcecode.swift; path = CountryHeaderCard.swift; sourceTree = "<group>"; };
		170C20C32F4790E00090BA78 /* CountryScoreStyling.swift */ = {isa = PBXFileReference; lastKnownFileType = sourcecode.swift; path = CountryScoreStyling.swift; sourceTree = "<group>"; };
		170C20C42F4790E00090BA78 /* CountrySeasonalityCard.swift */ = {isa = PBXFileReference; lastKnownFileType = sourcecode.swift; path = CountrySeasonalityCard.swift; sourceTree = "<group>"; };
		170C20C52F4790E00090BA78 /* CountrySeasonalityHelpers.swift */ = {isa = PBXFileReference; lastKnownFileType = sourcecode.swift; path = CountrySeasonalityHelpers.swift; sourceTree = "<group>"; };
		170C20C62F4790E00090BA78 /* CountryTextHelpers.swift */ = {isa = PBXFileReference; lastKnownFileType = sourcecode.swift; path = CountryTextHelpers.swift; sourceTree = "<group>"; };
		170C20C72F4790E00090BA78 /* CountryTravelSafeCard.swift */ = {isa = PBXFileReference; lastKnownFileType = sourcecode.swift; path = CountryTravelSafeCard.swift; sourceTree = "<group>"; };
		170C20C82F4790E00090BA78 /* CountryTravelSafeHelpers.swift */ = {isa = PBXFileReference; lastKnownFileType = sourcecode.swift; path = CountryTravelSafeHelpers.swift; sourceTree = "<group>"; };
		170C20C92F4790E00090BA78 /* CountryVisaCard.swift */ = {isa = PBXFileReference; lastKnownFileType = sourcecode.swift; path = CountryVisaCard.swift; sourceTree = "<group>"; };
		170C20CA2F4790E00090BA78 /* CountryVisaHelpers.swift */ = {isa = PBXFileReference; lastKnownFileType = sourcecode.swift; path = CountryVisaHelpers.swift; sourceTree = "<group>"; };
		170C20CC2F4790E00090BA78 /* MetaDTO.swift */ = {isa = PBXFileReference; lastKnownFileType = sourcecode.swift; path = MetaDTO.swift; sourceTree = "<group>"; };
		170C20CE2F4790E00090BA78 /* Profile.swift */ = {isa = PBXFileReference; lastKnownFileType = sourcecode.swift; path = Profile.swift; sourceTree = "<group>"; };
		170C20D02F4790E00090BA78 /* CollapsibleCountrySection.swift */ = {isa = PBXFileReference; lastKnownFileType = sourcecode.swift; path = CollapsibleCountrySection.swift; sourceTree = "<group>"; };
		170C20D12F4790E00090BA78 /* ScrollOffsetPreferenceKey.swift */ = {isa = PBXFileReference; lastKnownFileType = sourcecode.swift; path = ScrollOffsetPreferenceKey.swift; sourceTree = "<group>"; };
		170C20D22F4790E00090BA78 /* StatCard.swift */ = {isa = PBXFileReference; lastKnownFileType = sourcecode.swift; path = StatCard.swift; sourceTree = "<group>"; };
		170C20D42F4790E00090BA78 /* ProfileHeaderView.swift */ = {isa = PBXFileReference; lastKnownFileType = sourcecode.swift; path = ProfileHeaderView.swift; sourceTree = "<group>"; };
		170C20D52F4790E00090BA78 /* ProfileInfoSection.swift */ = {isa = PBXFileReference; lastKnownFileType = sourcecode.swift; path = ProfileInfoSection.swift; sourceTree = "<group>"; };
		170C20D62F4790E00090BA78 /* ProfileView.swift */ = {isa = PBXFileReference; lastKnownFileType = sourcecode.swift; path = ProfileView.swift; sourceTree = "<group>"; };
		170C20D92F4790E00090BA78 /* ProfileSettingsAccountSection.swift */ = {isa = PBXFileReference; lastKnownFileType = sourcecode.swift; path = ProfileSettingsAccountSection.swift; sourceTree = "<group>"; };
		170C20DA2F4790E00090BA78 /* ProfileSettingsAvatarSection.swift */ = {isa = PBXFileReference; lastKnownFileType = sourcecode.swift; path = ProfileSettingsAvatarSection.swift; sourceTree = "<group>"; };
		170C20DB2F4790E00090BA78 /* ProfileSettingsBackgroundSection.swift */ = {isa = PBXFileReference; lastKnownFileType = sourcecode.swift; path = ProfileSettingsBackgroundSection.swift; sourceTree = "<group>"; };
		170C20DC2F4790E00090BA78 /* ProfileSettingsHeader.swift */ = {isa = PBXFileReference; lastKnownFileType = sourcecode.swift; path = ProfileSettingsHeader.swift; sourceTree = "<group>"; };
		170C20DD2F4790E00090BA78 /* ProfileSettingsLanguagesSection.swift */ = {isa = PBXFileReference; lastKnownFileType = sourcecode.swift; path = ProfileSettingsLanguagesSection.swift; sourceTree = "<group>"; };
		170C20DE2F4790E00090BA78 /* ProfileSettingsModels.swift */ = {isa = PBXFileReference; lastKnownFileType = sourcecode.swift; path = ProfileSettingsModels.swift; sourceTree = "<group>"; };
		170C20DF2F4790E00090BA78 /* ProfileSettingsNextDestinationSection.swift */ = {isa = PBXFileReference; lastKnownFileType = sourcecode.swift; path = ProfileSettingsNextDestinationSection.swift; sourceTree = "<group>"; };
		170C20E02F4790E00090BA78 /* ProfileSettingsTravelSection.swift */ = {isa = PBXFileReference; lastKnownFileType = sourcecode.swift; path = ProfileSettingsTravelSection.swift; sourceTree = "<group>"; };
		170C20E12F4790E00090BA78 /* ProfileSettingsView.swift */ = {isa = PBXFileReference; lastKnownFileType = sourcecode.swift; path = ProfileSettingsView.swift; sourceTree = "<group>"; };
		170C20E22F4790E00090BA78 /* SectionCard.swift */ = {isa = PBXFileReference; lastKnownFileType = sourcecode.swift; path = SectionCard.swift; sourceTree = "<group>"; };
		170C20E42F4790E00090BA78 /* CountryMetadataResolver.swift */ = {isa = PBXFileReference; lastKnownFileType = sourcecode.swift; path = CountryMetadataResolver.swift; sourceTree = "<group>"; };
		170C20E52F4790E00090BA78 /* SeasonalityCache.swift */ = {isa = PBXFileReference; lastKnownFileType = sourcecode.swift; path = SeasonalityCache.swift; sourceTree = "<group>"; };
		170C20E62F4790E00090BA78 /* SeasonalityViewModel.swift */ = {isa = PBXFileReference; lastKnownFileType = sourcecode.swift; path = SeasonalityViewModel.swift; sourceTree = "<group>"; };
		170C20E82F4790E00090BA78 /* FriendService.swift */ = {isa = PBXFileReference; lastKnownFileType = sourcecode.swift; path = FriendService.swift; sourceTree = "<group>"; };
		170C20E92F4790E00090BA78 /* ListSyncService.swift */ = {isa = PBXFileReference; lastKnownFileType = sourcecode.swift; path = ListSyncService.swift; sourceTree = "<group>"; };
		170C20EA2F4790E00090BA78 /* MetaService.swift */ = {isa = PBXFileReference; lastKnownFileType = sourcecode.swift; path = MetaService.swift; sourceTree = "<group>"; };
		170C20EB2F4790E00090BA78 /* ProfileService.swift */ = {isa = PBXFileReference; lastKnownFileType = sourcecode.swift; path = ProfileService.swift; sourceTree = "<group>"; };
		170C20EC2F4790E00090BA78 /* SeasonalityService.swift */ = {isa = PBXFileReference; lastKnownFileType = sourcecode.swift; path = SeasonalityService.swift; sourceTree = "<group>"; };
		170C20EE2F4790E00090BA78 /* BucketListStore.swift */ = {isa = PBXFileReference; lastKnownFileType = sourcecode.swift; path = BucketListStore.swift; sourceTree = "<group>"; };
		170C20EF2F4790E00090BA78 /* MetaStore.swift */ = {isa = PBXFileReference; lastKnownFileType = sourcecode.swift; path = MetaStore.swift; sourceTree = "<group>"; };
		170C20F12F4790E00090BA78 /* AppRootView.swift */ = {isa = PBXFileReference; lastKnownFileType = sourcecode.swift; path = AppRootView.swift; sourceTree = "<group>"; };
		170C20F22F4790E00090BA78 /* Assets.xcassets */ = {isa = PBXFileReference; lastKnownFileType = folder.assetcatalog; path = Assets.xcassets; sourceTree = "<group>"; };
		170C20F32F4790E00090BA78 /* auth_loop.mp4 */ = {isa = PBXFileReference; lastKnownFileType = file; path = auth_loop.mp4; sourceTree = "<group>"; };
		170C20F42F4790E00090BA78 /* AuthGate.swift */ = {isa = PBXFileReference; lastKnownFileType = sourcecode.swift; path = AuthGate.swift; sourceTree = "<group>"; };
		170C20F52F4790E00090BA78 /* AuthLandingView.swift */ = {isa = PBXFileReference; lastKnownFileType = sourcecode.swift; path = AuthLandingView.swift; sourceTree = "<group>"; };
		170C20F62F4790E00090BA78 /* AuthRequiredView.swift */ = {isa = PBXFileReference; lastKnownFileType = sourcecode.swift; path = AuthRequiredView.swift; sourceTree = "<group>"; };
		170C20F72F4790E00090BA78 /* AuthSheetView.swift */ = {isa = PBXFileReference; lastKnownFileType = sourcecode.swift; path = AuthSheetView.swift; sourceTree = "<group>"; };
		170C20F82F4790E00090BA78 /* BucketListView.swift */ = {isa = PBXFileReference; lastKnownFileType = sourcecode.swift; path = BucketListView.swift; sourceTree = "<group>"; };
		170C20F92F4790E00090BA78 /* BucketToggleButton.swift */ = {isa = PBXFileReference; lastKnownFileType = sourcecode.swift; path = BucketToggleButton.swift; sourceTree = "<group>"; };
		170C20FB2F4790E00090BA78 /* countries.geojson */ = {isa = PBXFileReference; lastKnownFileType = text; path = countries.geojson; sourceTree = "<group>"; };
		170C20FD2F4790E00090BA78 /* Country.swift */ = {isa = PBXFileReference; lastKnownFileType = sourcecode.swift; path = Country.swift; sourceTree = "<group>"; };
		170C20FE2F4790E00090BA78 /* CountryAPI.swift */ = {isa = PBXFileReference; lastKnownFileType = sourcecode.swift; path = CountryAPI.swift; sourceTree = "<group>"; };
		170C21002F4790E00090BA78 /* CountryDTO.swift */ = {isa = PBXFileReference; lastKnownFileType = sourcecode.swift; path = CountryDTO.swift; sourceTree = "<group>"; };
		170C21012F4790E00090BA78 /* CountryListView.swift */ = {isa = PBXFileReference; lastKnownFileType = sourcecode.swift; path = CountryListView.swift; sourceTree = "<group>"; };
		170C21022F4790E00090BA78 /* CountryPreviewCardMobile.swift */ = {isa = PBXFileReference; lastKnownFileType = sourcecode.swift; path = CountryPreviewCardMobile.swift; sourceTree = "<group>"; };
		170C21042F4790E00090BA78 /* DataLoader.swift */ = {isa = PBXFileReference; lastKnownFileType = sourcecode.swift; path = DataLoader.swift; sourceTree = "<group>"; };
		170C21052F4790E00090BA78 /* DiscoveryView.swift */ = {isa = PBXFileReference; lastKnownFileType = sourcecode.swift; path = DiscoveryView.swift; sourceTree = "<group>"; };
		170C21062F4790E00090BA78 /* FlagWithTooltip.swift */ = {isa = PBXFileReference; lastKnownFileType = sourcecode.swift; path = FlagWithTooltip.swift; sourceTree = "<group>"; };
		170C21072F4790E00090BA78 /* FriendRequestsView.swift */ = {isa = PBXFileReference; lastKnownFileType = sourcecode.swift; path = FriendRequestsView.swift; sourceTree = "<group>"; };
		170C21082F4790E00090BA78 /* FriendRequestsViewModel.swift */ = {isa = PBXFileReference; lastKnownFileType = sourcecode.swift; path = FriendRequestsViewModel.swift; sourceTree = "<group>"; };
		170C21092F4790E00090BA78 /* FriendsActionSheetView.swift */ = {isa = PBXFileReference; lastKnownFileType = sourcecode.swift; path = FriendsActionSheetView.swift; sourceTree = "<group>"; };
		170C210A2F4790E00090BA78 /* FriendsSection.swift */ = {isa = PBXFileReference; lastKnownFileType = sourcecode.swift; path = FriendsSection.swift; sourceTree = "<group>"; };
		170C210B2F4790E00090BA78 /* FriendsView.swift */ = {isa = PBXFileReference; lastKnownFileType = sourcecode.swift; path = FriendsView.swift; sourceTree = "<group>"; };
		170C210C2F4790E00090BA78 /* FriendsViewModel.swift */ = {isa = PBXFileReference; lastKnownFileType = sourcecode.swift; path = FriendsViewModel.swift; sourceTree = "<group>"; };
		170C210D2F4790E00090BA78 /* FrostedCard.swift */ = {isa = PBXFileReference; lastKnownFileType = sourcecode.swift; path = FrostedCard.swift; sourceTree = "<group>"; };
		170C210F2F4790E00090BA78 /* Info.plist */ = {isa = PBXFileReference; lastKnownFileType = text.plist.xml; path = Info.plist; sourceTree = "<group>"; };
		170C21102F4790E00090BA78 /* intro.mp4 */ = {isa = PBXFileReference; lastKnownFileType = file; path = intro.mp4; sourceTree = "<group>"; };
		170C21122F4790E00090BA78 /* LegalView.swift */ = {isa = PBXFileReference; lastKnownFileType = sourcecode.swift; path = LegalView.swift; sourceTree = "<group>"; };
		170C21132F4790E00090BA78 /* MyTravelsView.swift */ = {isa = PBXFileReference; lastKnownFileType = sourcecode.swift; path = MyTravelsView.swift; sourceTree = "<group>"; };
		170C21142F4790E00090BA78 /* ProfileViewModel.swift */ = {isa = PBXFileReference; lastKnownFileType = sourcecode.swift; path = ProfileViewModel.swift; sourceTree = "<group>"; };
		170C21152F4790E00090BA78 /* RootTabView.swift */ = {isa = PBXFileReference; lastKnownFileType = sourcecode.swift; path = RootTabView.swift; sourceTree = "<group>"; };
		170C21162F4790E00090BA78 /* ScoreColor.swift */ = {isa = PBXFileReference; lastKnownFileType = sourcecode.swift; path = ScoreColor.swift; sourceTree = "<group>"; };
		170C21172F4790E00090BA78 /* ScoreCountryDrawerView.swift */ = {isa = PBXFileReference; lastKnownFileType = sourcecode.swift; path = ScoreCountryDrawerView.swift; sourceTree = "<group>"; };
		170C21182F4790E00090BA78 /* ScoreWorldMapView.swift */ = {isa = PBXFileReference; lastKnownFileType = sourcecode.swift; path = ScoreWorldMapView.swift; sourceTree = "<group>"; };
		170C21192F4790E00090BA78 /* SeasonalityModels.swift */ = {isa = PBXFileReference; lastKnownFileType = sourcecode.swift; path = SeasonalityModels.swift; sourceTree = "<group>"; };
		170C211A2F4790E00090BA78 /* SeasonalityUIHelpers.swift */ = {isa = PBXFileReference; lastKnownFileType = sourcecode.swift; path = SeasonalityUIHelpers.swift; sourceTree = "<group>"; };
		170C211C2F4790E00090BA78 /* TraveledStore.swift */ = {isa = PBXFileReference; lastKnownFileType = sourcecode.swift; path = TraveledStore.swift; sourceTree = "<group>"; };
		170C211D2F4790E00090BA78 /* TravelScoreriOS.entitlements */ = {isa = PBXFileReference; lastKnownFileType = text.plist.entitlements; path = TravelScoreriOS.entitlements; sourceTree = "<group>"; };
		170C211E2F4790E00090BA78 /* TravelScoreriOSApp.swift */ = {isa = PBXFileReference; lastKnownFileType = sourcecode.swift; path = TravelScoreriOSApp.swift; sourceTree = "<group>"; };
		170C211F2F4790E00090BA78 /* VideoBackgroundView.swift */ = {isa = PBXFileReference; lastKnownFileType = sourcecode.swift; path = VideoBackgroundView.swift; sourceTree = "<group>"; };
		170C21202F4790E00090BA78 /* WhenToGoModels.swift */ = {isa = PBXFileReference; lastKnownFileType = sourcecode.swift; path = WhenToGoModels.swift; sourceTree = "<group>"; };
		170C21212F4790E00090BA78 /* WhenToGoView.swift */ = {isa = PBXFileReference; lastKnownFileType = sourcecode.swift; path = WhenToGoView.swift; sourceTree = "<group>"; };
		170C21222F4790E00090BA78 /* WhenToGoViewModel.swift */ = {isa = PBXFileReference; lastKnownFileType = sourcecode.swift; path = WhenToGoViewModel.swift; sourceTree = "<group>"; };
		170C21232F4790E00090BA78 /* WorldGeoJSONLoader.swift */ = {isa = PBXFileReference; lastKnownFileType = sourcecode.swift; path = WorldGeoJSONLoader.swift; sourceTree = "<group>"; };
		170C21242F4790E00090BA78 /* WorldMapView.swift */ = {isa = PBXFileReference; lastKnownFileType = sourcecode.swift; path = WorldMapView.swift; sourceTree = "<group>"; };
		170C21252F4790E00090BA78 /* WrapChips.swift */ = {isa = PBXFileReference; lastKnownFileType = sourcecode.swift; path = WrapChips.swift; sourceTree = "<group>"; };
		170C227E2F47A9880090BA78 /* ScorePill.swift */ = {isa = PBXFileReference; lastKnownFileType = sourcecode.swift; path = ScorePill.swift; sourceTree = "<group>"; };
		170F3EBF2F218C6C0083E900 /* APIConfig.swift */ = {isa = PBXFileReference; lastKnownFileType = sourcecode.swift; path = APIConfig.swift; sourceTree = "<group>"; };
		17104CD62F49697500864630 /* WhenToGoCountryDrawerView.swift */ = {isa = PBXFileReference; lastKnownFileType = sourcecode.swift; path = WhenToGoCountryDrawerView.swift; sourceTree = "<group>"; };
		172A74C82F357340003EF4DF /* SessionManager.swift */ = {isa = PBXFileReference; lastKnownFileType = sourcecode.swift; path = SessionManager.swift; sourceTree = "<group>"; };
		179796292F49353000053B0B /* ProfileLoadingView.swift */ = {isa = PBXFileReference; lastKnownFileType = sourcecode.swift; path = ProfileLoadingView.swift; sourceTree = "<group>"; };
		17A4EC7B2F47BE0F00627746 /* ProfileViewModel+Load.swift */ = {isa = PBXFileReference; lastKnownFileType = sourcecode.swift; path = "ProfileViewModel+Load.swift"; sourceTree = "<group>"; };
		17A4EC7D2F47BE1A00627746 /* ProfileViewModel+Save.swift */ = {isa = PBXFileReference; lastKnownFileType = sourcecode.swift; path = "ProfileViewModel+Save.swift"; sourceTree = "<group>"; };
		17A4EC7F2F47BE2400627746 /* ProfileViewModel+Relationship.swift */ = {isa = PBXFileReference; lastKnownFileType = sourcecode.swift; path = "ProfileViewModel+Relationship.swift"; sourceTree = "<group>"; };
		17A4EC812F47BE3000627746 /* ProfileViewModel+Friends.swift */ = {isa = PBXFileReference; lastKnownFileType = sourcecode.swift; path = "ProfileViewModel+Friends.swift"; sourceTree = "<group>"; };
		17A4EC832F47BE3A00627746 /* ProfileViewModel+Countries.swift */ = {isa = PBXFileReference; lastKnownFileType = sourcecode.swift; path = "ProfileViewModel+Countries.swift"; sourceTree = "<group>"; };
		17AFEC8A2EC2C3D800B9585B /* TravelScoreriOS.app */ = {isa = PBXFileReference; explicitFileType = wrapper.application; includeInIndex = 0; path = TravelScoreriOS.app; sourceTree = BUILT_PRODUCTS_DIR; };
		17EE81632F49081000C8CEF2 /* ProfileSkeletonView.swift */ = {isa = PBXFileReference; lastKnownFileType = sourcecode.swift; path = ProfileSkeletonView.swift; sourceTree = "<group>"; };
		17F063802F32730600F1F4F3 /* SupabaseClient.swift */ = {isa = PBXFileReference; lastKnownFileType = sourcecode.swift; path = SupabaseClient.swift; sourceTree = "<group>"; };
		17F063822F32732F00F1F4F3 /* AuthViewModel.swift */ = {isa = PBXFileReference; lastKnownFileType = sourcecode.swift; path = AuthViewModel.swift; sourceTree = "<group>"; };
		17F063842F32734800F1F4F3 /* EmailAuthView.swift */ = {isa = PBXFileReference; lastKnownFileType = sourcecode.swift; path = EmailAuthView.swift; sourceTree = "<group>"; };
/* End PBXFileReference section */

/* Begin PBXFrameworksBuildPhase section */
		17AFEC872EC2C3D800B9585B /* Frameworks */ = {
			isa = PBXFrameworksBuildPhase;
			buildActionMask = 2147483647;
			files = (
				17F063882F32747D00F1F4F3 /* Supabase in Frameworks */,
			);
			runOnlyForDeploymentPostprocessing = 0;
		};
/* End PBXFrameworksBuildPhase section */

/* Begin PBXGroup section */
		170C22432F479ADC0090BA78 /* App */ = {
			isa = PBXGroup;
			children = (
				170C227D2F47A77B0090BA78 /* Resources */,
				170C211E2F4790E00090BA78 /* TravelScoreriOSApp.swift */,
				170C21152F4790E00090BA78 /* RootTabView.swift */,
				170C20F12F4790E00090BA78 /* AppRootView.swift */,
			);
			path = App;
			sourceTree = "<group>";
		};
		170C22442F479AE10090BA78 /* Core */ = {
			isa = PBXGroup;
			children = (
				170C227A2F479F0A0090BA78 /* Services */,
				170C224D2F479B2E0090BA78 /* Foundation */,
				170C224C2F479B260090BA78 /* Persistence */,
				170C224B2F479B1E0090BA78 /* Networking */,
				170C224A2F479B190090BA78 /* Config */,
				170C22492F479B140090BA78 /* Auth */,
				170C21042F4790E00090BA78 /* DataLoader.swift */,
			);
			path = Core;
			sourceTree = "<group>";
		};
		170C22452F479AE60090BA78 /* Features */ = {
			isa = PBXGroup;
			children = (
				170C22592F479B840090BA78 /* Legal */,
				170C22582F479B7D0090BA78 /* MyTravels */,
				170C22572F479B770090BA78 /* Seasonality */,
				170C22562F479B720090BA78 /* Friends */,
				170C22552F479B6D0090BA78 /* Profile */,
				170C22542F479B670090BA78 /* CountryDetail */,
				170C22532F479B600090BA78 /* Discovery */,
				170C22522F479B5B0090BA78 /* Auth */,
			);
			path = Features;
			sourceTree = "<group>";
		};
		170C22462F479AED0090BA78 /* Shared */ = {
			isa = PBXGroup;
			children = (
				170C224E2F479B3B0090BA78 /* UI */,
			);
			path = Shared;
			sourceTree = "<group>";
		};
		170C22482F479B070090BA78 /* Models */ = {
			isa = PBXGroup;
			children = (
				170C20FD2F4790E00090BA78 /* Country.swift */,
				170C21002F4790E00090BA78 /* CountryDTO.swift */,
				170C21202F4790E00090BA78 /* WhenToGoModels.swift */,
				170C21192F4790E00090BA78 /* SeasonalityModels.swift */,
				170C20CE2F4790E00090BA78 /* Profile.swift */,
			);
			path = Models;
			sourceTree = "<group>";
		};
		170C22492F479B140090BA78 /* Auth */ = {
			isa = PBXGroup;
			children = (
				172A74C82F357340003EF4DF /* SessionManager.swift */,
				17F063822F32732F00F1F4F3 /* AuthViewModel.swift */,
				17F063842F32734800F1F4F3 /* EmailAuthView.swift */,
				170C20F42F4790E00090BA78 /* AuthGate.swift */,
				170C20F52F4790E00090BA78 /* AuthLandingView.swift */,
				170C20F62F4790E00090BA78 /* AuthRequiredView.swift */,
				170C20F72F4790E00090BA78 /* AuthSheetView.swift */,
			);
			path = Auth;
			sourceTree = "<group>";
		};
		170C224A2F479B190090BA78 /* Config */ = {
			isa = PBXGroup;
			children = (
				170F3EBF2F218C6C0083E900 /* APIConfig.swift */,
			);
			path = Config;
			sourceTree = "<group>";
		};
		170C224B2F479B1E0090BA78 /* Networking */ = {
			isa = PBXGroup;
			children = (
				170C227B2F47A4770090BA78 /* DTOs */,
				17F063802F32730600F1F4F3 /* SupabaseClient.swift */,
				170C20FE2F4790E00090BA78 /* CountryAPI.swift */,
			);
			path = Networking;
			sourceTree = "<group>";
		};
		170C224C2F479B260090BA78 /* Persistence */ = {
			isa = PBXGroup;
			children = (
				170C20EE2F4790E00090BA78 /* BucketListStore.swift */,
				170C20EF2F4790E00090BA78 /* MetaStore.swift */,
				170C211C2F4790E00090BA78 /* TraveledStore.swift */,
			);
			path = Persistence;
			sourceTree = "<group>";
		};
		170C224D2F479B2E0090BA78 /* Foundation */ = {
			isa = PBXGroup;
			children = (
			);
			path = Foundation;
			sourceTree = "<group>";
		};
		170C224E2F479B3B0090BA78 /* UI */ = {
			isa = PBXGroup;
			children = (
				170C210D2F4790E00090BA78 /* FrostedCard.swift */,
				170C227E2F47A9880090BA78 /* ScorePill.swift */,
				170C21162F4790E00090BA78 /* ScoreColor.swift */,
				170C211F2F4790E00090BA78 /* VideoBackgroundView.swift */,
			);
			path = UI;
			sourceTree = "<group>";
		};
		170C22522F479B5B0090BA78 /* Auth */ = {
			isa = PBXGroup;
			children = (
				170C227C2F47A72A0090BA78 /* Resources */,
				170C22792F479DDB0090BA78 /* Support */,
				170C22782F479DD20090BA78 /* Components */,
				170C22772F479DCD0090BA78 /* ViewModels */,
				170C22762F479DC90090BA78 /* Views */,
			);
			path = Auth;
			sourceTree = "<group>";
		};
		170C22532F479B600090BA78 /* Discovery */ = {
			isa = PBXGroup;
			children = (
				170C22752F479DC00090BA78 /* Support */,
				170C22742F479DBA0090BA78 /* Components */,
				170C22732F479DB50090BA78 /* ViewModels */,
				170C22722F479DB00090BA78 /* Views */,
			);
			path = Discovery;
			sourceTree = "<group>";
		};
		170C22542F479B670090BA78 /* CountryDetail */ = {
			isa = PBXGroup;
			children = (
				170C22712F479DA60090BA78 /* Support */,
				170C22702F479DA00090BA78 /* Components */,
				170C226F2F479D9A0090BA78 /* ViewModels */,
				170C226E2F479D900090BA78 /* Views */,
				170C20C02F4790E00090BA78 /* CountryAdvisoryCard.swift */,
				170C20C22F4790E00090BA78 /* CountryHeaderCard.swift */,
				170C20C32F4790E00090BA78 /* CountryScoreStyling.swift */,
				170C20C42F4790E00090BA78 /* CountrySeasonalityCard.swift */,
				170C20C52F4790E00090BA78 /* CountrySeasonalityHelpers.swift */,
				170C20C62F4790E00090BA78 /* CountryTextHelpers.swift */,
				170C20C72F4790E00090BA78 /* CountryTravelSafeCard.swift */,
				170C20C82F4790E00090BA78 /* CountryTravelSafeHelpers.swift */,
				170C20C92F4790E00090BA78 /* CountryVisaCard.swift */,
				170C20CA2F4790E00090BA78 /* CountryVisaHelpers.swift */,
			);
			path = CountryDetail;
			sourceTree = "<group>";
		};
		170C22552F479B6D0090BA78 /* Profile */ = {
			isa = PBXGroup;
			children = (
				170C22802F47B0020090BA78 /* Settings */,
				170C226C2F479C470090BA78 /* Components */,
				170C226B2F479C410090BA78 /* ViewModels */,
				170C226A2F479C3C0090BA78 /* Views */,
			);
			path = Profile;
			sourceTree = "<group>";
		};
		170C22562F479B720090BA78 /* Friends */ = {
			isa = PBXGroup;
			children = (
				170C22692F479C330090BA78 /* Support */,
				170C22682F479C220090BA78 /* Components */,
				170C22672F479C1C0090BA78 /* ViewModels */,
				170C22662F479C170090BA78 /* Views */,
			);
			path = Friends;
			sourceTree = "<group>";
		};
		170C22572F479B770090BA78 /* Seasonality */ = {
			isa = PBXGroup;
			children = (
				170C22652F479C0F0090BA78 /* Support */,
				170C22642F479C0A0090BA78 /* Components */,
				170C22632F479C040090BA78 /* ViewModels */,
				170C22622F479BFF0090BA78 /* Views */,
			);
			path = Seasonality;
			sourceTree = "<group>";
		};
		170C22582F479B7D0090BA78 /* MyTravels */ = {
			isa = PBXGroup;
			children = (
				170C22612F479BF90090BA78 /* Support */,
				170C22602F479BF30090BA78 /* Components */,
				170C225F2F479BED0090BA78 /* ViewModels */,
				170C225E2F479BE80090BA78 /* Views */,
			);
			path = MyTravels;
			sourceTree = "<group>";
		};
		170C22592F479B840090BA78 /* Legal */ = {
			isa = PBXGroup;
			children = (
				170C225D2F479BDE0090BA78 /* Support */,
				170C225C2F479BD80090BA78 /* Components */,
				170C225B2F479BD10090BA78 /* ViewModels */,
				170C225A2F479BCB0090BA78 /* Views */,
			);
			path = Legal;
			sourceTree = "<group>";
		};
		170C225A2F479BCB0090BA78 /* Views */ = {
			isa = PBXGroup;
			children = (
				170C21122F4790E00090BA78 /* LegalView.swift */,
			);
			path = Views;
			sourceTree = "<group>";
		};
		170C225B2F479BD10090BA78 /* ViewModels */ = {
			isa = PBXGroup;
			children = (
			);
			path = ViewModels;
			sourceTree = "<group>";
		};
		170C225C2F479BD80090BA78 /* Components */ = {
			isa = PBXGroup;
			children = (
			);
			path = Components;
			sourceTree = "<group>";
		};
		170C225D2F479BDE0090BA78 /* Support */ = {
			isa = PBXGroup;
			children = (
			);
			path = Support;
			sourceTree = "<group>";
		};
		170C225E2F479BE80090BA78 /* Views */ = {
			isa = PBXGroup;
			children = (
				170C21132F4790E00090BA78 /* MyTravelsView.swift */,
				170C20F82F4790E00090BA78 /* BucketListView.swift */,
			);
			path = Views;
			sourceTree = "<group>";
		};
		170C225F2F479BED0090BA78 /* ViewModels */ = {
			isa = PBXGroup;
			children = (
			);
			path = ViewModels;
			sourceTree = "<group>";
		};
		170C22602F479BF30090BA78 /* Components */ = {
			isa = PBXGroup;
			children = (
				170C20F92F4790E00090BA78 /* BucketToggleButton.swift */,
			);
			path = Components;
			sourceTree = "<group>";
		};
		170C22612F479BF90090BA78 /* Support */ = {
			isa = PBXGroup;
			children = (
			);
			path = Support;
			sourceTree = "<group>";
		};
		170C22622F479BFF0090BA78 /* Views */ = {
			isa = PBXGroup;
			children = (
				170C21212F4790E00090BA78 /* WhenToGoView.swift */,
				17104CD62F49697500864630 /* WhenToGoCountryDrawerView.swift */,
			);
			path = Views;
			sourceTree = "<group>";
		};
		170C22632F479C040090BA78 /* ViewModels */ = {
			isa = PBXGroup;
			children = (
				170C21222F4790E00090BA78 /* WhenToGoViewModel.swift */,
				170C20E62F4790E00090BA78 /* SeasonalityViewModel.swift */,
			);
			path = ViewModels;
			sourceTree = "<group>";
		};
		170C22642F479C0A0090BA78 /* Components */ = {
			isa = PBXGroup;
			children = (
			);
			path = Components;
			sourceTree = "<group>";
		};
		170C22652F479C0F0090BA78 /* Support */ = {
			isa = PBXGroup;
			children = (
				170C211A2F4790E00090BA78 /* SeasonalityUIHelpers.swift */,
				170C21232F4790E00090BA78 /* WorldGeoJSONLoader.swift */,
				170C20E52F4790E00090BA78 /* SeasonalityCache.swift */,
			);
			path = Support;
			sourceTree = "<group>";
		};
		170C22662F479C170090BA78 /* Views */ = {
			isa = PBXGroup;
			children = (
				170C210B2F4790E00090BA78 /* FriendsView.swift */,
				170C21072F4790E00090BA78 /* FriendRequestsView.swift */,
			);
			path = Views;
			sourceTree = "<group>";
		};
		170C22672F479C1C0090BA78 /* ViewModels */ = {
			isa = PBXGroup;
			children = (
				170C210C2F4790E00090BA78 /* FriendsViewModel.swift */,
				170C21082F4790E00090BA78 /* FriendRequestsViewModel.swift */,
			);
			path = ViewModels;
			sourceTree = "<group>";
		};
		170C22682F479C220090BA78 /* Components */ = {
			isa = PBXGroup;
			children = (
				170C21092F4790E00090BA78 /* FriendsActionSheetView.swift */,
				170C210A2F4790E00090BA78 /* FriendsSection.swift */,
			);
			path = Components;
			sourceTree = "<group>";
		};
		170C22692F479C330090BA78 /* Support */ = {
			isa = PBXGroup;
			children = (
			);
			path = Support;
			sourceTree = "<group>";
		};
		170C226A2F479C3C0090BA78 /* Views */ = {
			isa = PBXGroup;
			children = (
				170C20D42F4790E00090BA78 /* ProfileHeaderView.swift */,
				170C20D52F4790E00090BA78 /* ProfileInfoSection.swift */,
				170C20D62F4790E00090BA78 /* ProfileView.swift */,
				17EE81632F49081000C8CEF2 /* ProfileSkeletonView.swift */,
				179796292F49353000053B0B /* ProfileLoadingView.swift */,
			);
			path = Views;
			sourceTree = "<group>";
		};
		170C226B2F479C410090BA78 /* ViewModels */ = {
			isa = PBXGroup;
			children = (
				170C21142F4790E00090BA78 /* ProfileViewModel.swift */,
				17A4EC7B2F47BE0F00627746 /* ProfileViewModel+Load.swift */,
				17A4EC7D2F47BE1A00627746 /* ProfileViewModel+Save.swift */,
				17A4EC7F2F47BE2400627746 /* ProfileViewModel+Relationship.swift */,
				17A4EC812F47BE3000627746 /* ProfileViewModel+Friends.swift */,
				17A4EC832F47BE3A00627746 /* ProfileViewModel+Countries.swift */,
			);
			path = ViewModels;
			sourceTree = "<group>";
		};
		170C226C2F479C470090BA78 /* Components */ = {
			isa = PBXGroup;
			children = (
				170C21242F4790E00090BA78 /* WorldMapView.swift */,
				170C20D02F4790E00090BA78 /* CollapsibleCountrySection.swift */,
				170C20D12F4790E00090BA78 /* ScrollOffsetPreferenceKey.swift */,
				170C20D22F4790E00090BA78 /* StatCard.swift */,
			);
			path = Components;
			sourceTree = "<group>";
		};
		170C226E2F479D900090BA78 /* Views */ = {
			isa = PBXGroup;
			children = (
				170C20C12F4790E00090BA78 /* CountryDetailView.swift */,
			);
			path = Views;
			sourceTree = "<group>";
		};
		170C226F2F479D9A0090BA78 /* ViewModels */ = {
			isa = PBXGroup;
			children = (
			);
			path = ViewModels;
			sourceTree = "<group>";
		};
		170C22702F479DA00090BA78 /* Components */ = {
			isa = PBXGroup;
			children = (
			);
			path = Components;
			sourceTree = "<group>";
		};
		170C22712F479DA60090BA78 /* Support */ = {
			isa = PBXGroup;
			children = (
			);
			path = Support;
			sourceTree = "<group>";
		};
		170C22722F479DB00090BA78 /* Views */ = {
			isa = PBXGroup;
			children = (
				170C21052F4790E00090BA78 /* DiscoveryView.swift */,
				170C21012F4790E00090BA78 /* CountryListView.swift */,
				170C21022F4790E00090BA78 /* CountryPreviewCardMobile.swift */,
			);
			path = Views;
			sourceTree = "<group>";
		};
		170C22732F479DB50090BA78 /* ViewModels */ = {
			isa = PBXGroup;
			children = (
			);
			path = ViewModels;
			sourceTree = "<group>";
		};
		170C22742F479DBA0090BA78 /* Components */ = {
			isa = PBXGroup;
			children = (
				170C21172F4790E00090BA78 /* ScoreCountryDrawerView.swift */,
				170C21062F4790E00090BA78 /* FlagWithTooltip.swift */,
				170C21252F4790E00090BA78 /* WrapChips.swift */,
				170C21182F4790E00090BA78 /* ScoreWorldMapView.swift */,
			);
			path = Components;
			sourceTree = "<group>";
		};
		170C22752F479DC00090BA78 /* Support */ = {
			isa = PBXGroup;
			children = (
				170C20E42F4790E00090BA78 /* CountryMetadataResolver.swift */,
			);
			path = Support;
			sourceTree = "<group>";
		};
		170C22762F479DC90090BA78 /* Views */ = {
			isa = PBXGroup;
			children = (
			);
			path = Views;
			sourceTree = "<group>";
		};
		170C22772F479DCD0090BA78 /* ViewModels */ = {
			isa = PBXGroup;
			children = (
			);
			path = ViewModels;
			sourceTree = "<group>";
		};
		170C22782F479DD20090BA78 /* Components */ = {
			isa = PBXGroup;
			children = (
			);
			path = Components;
			sourceTree = "<group>";
		};
		170C22792F479DDB0090BA78 /* Support */ = {
			isa = PBXGroup;
			children = (
			);
			path = Support;
			sourceTree = "<group>";
		};
		170C227A2F479F0A0090BA78 /* Services */ = {
			isa = PBXGroup;
			children = (
				170C20E82F4790E00090BA78 /* FriendService.swift */,
				170C20E92F4790E00090BA78 /* ListSyncService.swift */,
				170C20EA2F4790E00090BA78 /* MetaService.swift */,
				170C20EB2F4790E00090BA78 /* ProfileService.swift */,
				170C20EC2F4790E00090BA78 /* SeasonalityService.swift */,
			);
			path = Services;
			sourceTree = "<group>";
		};
		170C227B2F47A4770090BA78 /* DTOs */ = {
			isa = PBXGroup;
			children = (
				170C20CC2F4790E00090BA78 /* MetaDTO.swift */,
			);
			path = DTOs;
			sourceTree = "<group>";
		};
		170C227C2F47A72A0090BA78 /* Resources */ = {
			isa = PBXGroup;
			children = (
				170C20F32F4790E00090BA78 /* auth_loop.mp4 */,
			);
			path = Resources;
			sourceTree = "<group>";
		};
		170C227D2F47A77B0090BA78 /* Resources */ = {
			isa = PBXGroup;
			children = (
				170C21102F4790E00090BA78 /* intro.mp4 */,
			);
			path = Resources;
			sourceTree = "<group>";
		};
		170C22802F47B0020090BA78 /* Settings */ = {
			isa = PBXGroup;
			children = (
				170C20D92F4790E00090BA78 /* ProfileSettingsAccountSection.swift */,
				170C20DA2F4790E00090BA78 /* ProfileSettingsAvatarSection.swift */,
				170C20DB2F4790E00090BA78 /* ProfileSettingsBackgroundSection.swift */,
				170C20DC2F4790E00090BA78 /* ProfileSettingsHeader.swift */,
				170C20DD2F4790E00090BA78 /* ProfileSettingsLanguagesSection.swift */,
				170C20DE2F4790E00090BA78 /* ProfileSettingsModels.swift */,
				170C20DF2F4790E00090BA78 /* ProfileSettingsNextDestinationSection.swift */,
				170C20E02F4790E00090BA78 /* ProfileSettingsTravelSection.swift */,
				170C20E12F4790E00090BA78 /* ProfileSettingsView.swift */,
				170C20E22F4790E00090BA78 /* SectionCard.swift */,
			);
			path = Settings;
			sourceTree = "<group>";
		};
		17AFEC812EC2C3D800B9585B = {
			isa = PBXGroup;
			children = (
				170C22482F479B070090BA78 /* Models */,
				170C22462F479AED0090BA78 /* Shared */,
				170C22452F479AE60090BA78 /* Features */,
				170C22442F479AE10090BA78 /* Core */,
				170C22432F479ADC0090BA78 /* App */,
				170C20F22F4790E00090BA78 /* Assets.xcassets */,
				170C20FB2F4790E00090BA78 /* countries.geojson */,
				170C210F2F4790E00090BA78 /* Info.plist */,
				170C211D2F4790E00090BA78 /* TravelScoreriOS.entitlements */,
				17F063862F32747D00F1F4F3 /* Frameworks */,
				17AFEC8B2EC2C3D800B9585B /* Products */,
			);
			sourceTree = "<group>";
		};
		17AFEC8B2EC2C3D800B9585B /* Products */ = {
			isa = PBXGroup;
			children = (
				17AFEC8A2EC2C3D800B9585B /* TravelScoreriOS.app */,
			);
			name = Products;
			sourceTree = "<group>";
		};
		17F063862F32747D00F1F4F3 /* Frameworks */ = {
			isa = PBXGroup;
			children = (
			);
			name = Frameworks;
			sourceTree = "<group>";
		};
/* End PBXGroup section */

/* Begin PBXNativeTarget section */
		17AFEC892EC2C3D800B9585B /* TravelScoreriOS */ = {
			isa = PBXNativeTarget;
			buildConfigurationList = 17AFEC952EC2C3D900B9585B /* Build configuration list for PBXNativeTarget "TravelScoreriOS" */;
			buildPhases = (
				17AFEC862EC2C3D800B9585B /* Sources */,
				17AFEC872EC2C3D800B9585B /* Frameworks */,
				17AFEC882EC2C3D800B9585B /* Resources */,
			);
			buildRules = (
			);
			dependencies = (
			);
			name = TravelScoreriOS;
			packageProductDependencies = (
				17F063872F32747D00F1F4F3 /* Supabase */,
			);
			productName = TravelScoreriOS;
			productReference = 17AFEC8A2EC2C3D800B9585B /* TravelScoreriOS.app */;
			productType = "com.apple.product-type.application";
		};
/* End PBXNativeTarget section */

/* Begin PBXProject section */
		17AFEC822EC2C3D800B9585B /* Project object */ = {
			isa = PBXProject;
			attributes = {
				BuildIndependentTargetsInParallel = 1;
				LastSwiftUpdateCheck = 2610;
				LastUpgradeCheck = 2610;
				TargetAttributes = {
					17AFEC892EC2C3D800B9585B = {
						CreatedOnToolsVersion = 26.1;
					};
				};
			};
			buildConfigurationList = 17AFEC852EC2C3D800B9585B /* Build configuration list for PBXProject "TravelScoreriOS" */;
			developmentRegion = en;
			hasScannedForEncodings = 0;
			knownRegions = (
				en,
				Base,
			);
			mainGroup = 17AFEC812EC2C3D800B9585B;
			minimizedProjectReferenceProxies = 1;
			packageReferences = (
				17F0637F2F326FDA00F1F4F3 /* XCRemoteSwiftPackageReference "supabase-swift" */,
			);
			preferredProjectObjectVersion = 77;
			productRefGroup = 17AFEC8B2EC2C3D800B9585B /* Products */;
			projectDirPath = "";
			projectRoot = "";
			targets = (
				17AFEC892EC2C3D800B9585B /* TravelScoreriOS */,
			);
		};
/* End PBXProject section */

/* Begin PBXResourcesBuildPhase section */
		17AFEC882EC2C3D800B9585B /* Resources */ = {
			isa = PBXResourcesBuildPhase;
			buildActionMask = 2147483647;
			files = (
				170C217C2F4790E00090BA78 /* Assets.xcassets in Resources */,
				170C217D2F4790E00090BA78 /* auth_loop.mp4 in Resources */,
				170C217E2F4790E00090BA78 /* countries.geojson in Resources */,
				170C21812F4790E00090BA78 /* intro.mp4 in Resources */,
			);
			runOnlyForDeploymentPostprocessing = 0;
		};
/* End PBXResourcesBuildPhase section */

/* Begin PBXSourcesBuildPhase section */
		17AFEC862EC2C3D800B9585B /* Sources */ = {
			isa = PBXSourcesBuildPhase;
			buildActionMask = 2147483647;
			files = (
				17F063852F32734800F1F4F3 /* EmailAuthView.swift in Sources */,
				170C21272F4790E00090BA78 /* CountryAdvisoryCard.swift in Sources */,
				17A4EC802F47BE2400627746 /* ProfileViewModel+Relationship.swift in Sources */,
				170C21282F4790E00090BA78 /* CountryDetailView.swift in Sources */,
				170C21292F4790E00090BA78 /* CountryHeaderCard.swift in Sources */,
				170C212A2F4790E00090BA78 /* CountryScoreStyling.swift in Sources */,
				17A4EC7E2F47BE1A00627746 /* ProfileViewModel+Save.swift in Sources */,
				170C212B2F4790E00090BA78 /* CountrySeasonalityCard.swift in Sources */,
				170C212C2F4790E00090BA78 /* CountrySeasonalityHelpers.swift in Sources */,
				170C212D2F4790E00090BA78 /* CountryTextHelpers.swift in Sources */,
				170C212E2F4790E00090BA78 /* CountryTravelSafeCard.swift in Sources */,
				170C212F2F4790E00090BA78 /* CountryTravelSafeHelpers.swift in Sources */,
				170C21302F4790E00090BA78 /* CountryVisaCard.swift in Sources */,
				170C21312F4790E00090BA78 /* CountryVisaHelpers.swift in Sources */,
				170C21322F4790E00090BA78 /* MetaDTO.swift in Sources */,
				170C21332F4790E00090BA78 /* Profile.swift in Sources */,
				170C21342F4790E00090BA78 /* CollapsibleCountrySection.swift in Sources */,
				170C21352F4790E00090BA78 /* ScrollOffsetPreferenceKey.swift in Sources */,
				170C21362F4790E00090BA78 /* StatCard.swift in Sources */,
				170C21372F4790E00090BA78 /* ProfileHeaderView.swift in Sources */,
				170C21382F4790E00090BA78 /* ProfileInfoSection.swift in Sources */,
				170C21392F4790E00090BA78 /* ProfileView.swift in Sources */,
				170C213A2F4790E00090BA78 /* ProfileSettingsAccountSection.swift in Sources */,
				170C213B2F4790E00090BA78 /* ProfileSettingsAvatarSection.swift in Sources */,
				170C213C2F4790E00090BA78 /* ProfileSettingsBackgroundSection.swift in Sources */,
				17EE81642F49081000C8CEF2 /* ProfileSkeletonView.swift in Sources */,
				1797962A2F49353000053B0B /* ProfileLoadingView.swift in Sources */,
				170C213D2F4790E00090BA78 /* ProfileSettingsHeader.swift in Sources */,
				170C213E2F4790E00090BA78 /* ProfileSettingsLanguagesSection.swift in Sources */,
				170C213F2F4790E00090BA78 /* ProfileSettingsModels.swift in Sources */,
				170C21402F4790E00090BA78 /* ProfileSettingsNextDestinationSection.swift in Sources */,
				170C21412F4790E00090BA78 /* ProfileSettingsTravelSection.swift in Sources */,
				170C21422F4790E00090BA78 /* ProfileSettingsView.swift in Sources */,
				170C21432F4790E00090BA78 /* SectionCard.swift in Sources */,
				170C21442F4790E00090BA78 /* CountryMetadataResolver.swift in Sources */,
				170C21452F4790E00090BA78 /* SeasonalityCache.swift in Sources */,
				170C21462F4790E00090BA78 /* SeasonalityViewModel.swift in Sources */,
				17104CD72F49697500864630 /* WhenToGoCountryDrawerView.swift in Sources */,
				170C21472F4790E00090BA78 /* FriendService.swift in Sources */,
				170C21482F4790E00090BA78 /* ListSyncService.swift in Sources */,
				17A4EC842F47BE3A00627746 /* ProfileViewModel+Countries.swift in Sources */,
				170C21492F4790E00090BA78 /* MetaService.swift in Sources */,
				170C214A2F4790E00090BA78 /* ProfileService.swift in Sources */,
				170C214B2F4790E00090BA78 /* SeasonalityService.swift in Sources */,
				170C214C2F4790E00090BA78 /* BucketListStore.swift in Sources */,
				170C214D2F4790E00090BA78 /* MetaStore.swift in Sources */,
				170C214E2F4790E00090BA78 /* AppRootView.swift in Sources */,
				170C214F2F4790E00090BA78 /* AuthGate.swift in Sources */,
				170C21502F4790E00090BA78 /* AuthLandingView.swift in Sources */,
				170C21512F4790E00090BA78 /* AuthRequiredView.swift in Sources */,
				170C21522F4790E00090BA78 /* AuthSheetView.swift in Sources */,
				170C21532F4790E00090BA78 /* BucketListView.swift in Sources */,
				170C21542F4790E00090BA78 /* BucketToggleButton.swift in Sources */,
				170C21562F4790E00090BA78 /* Country.swift in Sources */,
				170C21572F4790E00090BA78 /* CountryAPI.swift in Sources */,
				170C21592F4790E00090BA78 /* CountryDTO.swift in Sources */,
				17A4EC7C2F47BE0F00627746 /* ProfileViewModel+Load.swift in Sources */,
				170C215A2F4790E00090BA78 /* CountryListView.swift in Sources */,
				170C215B2F4790E00090BA78 /* CountryPreviewCardMobile.swift in Sources */,
				170C215D2F4790E00090BA78 /* DataLoader.swift in Sources */,
				170C215E2F4790E00090BA78 /* DiscoveryView.swift in Sources */,
				170C215F2F4790E00090BA78 /* FlagWithTooltip.swift in Sources */,
				170C21602F4790E00090BA78 /* FriendRequestsView.swift in Sources */,
				17A4EC822F47BE3000627746 /* ProfileViewModel+Friends.swift in Sources */,
				170C21612F4790E00090BA78 /* FriendRequestsViewModel.swift in Sources */,
				170C21622F4790E00090BA78 /* FriendsActionSheetView.swift in Sources */,
				170C21632F4790E00090BA78 /* FriendsSection.swift in Sources */,
				170C21642F4790E00090BA78 /* FriendsView.swift in Sources */,
				170C21652F4790E00090BA78 /* FriendsViewModel.swift in Sources */,
				170C21662F4790E00090BA78 /* FrostedCard.swift in Sources */,
				170C21692F4790E00090BA78 /* LegalView.swift in Sources */,
				170C216A2F4790E00090BA78 /* MyTravelsView.swift in Sources */,
				170C216B2F4790E00090BA78 /* ProfileViewModel.swift in Sources */,
				170C216C2F4790E00090BA78 /* RootTabView.swift in Sources */,
				170C216D2F4790E00090BA78 /* ScoreColor.swift in Sources */,
				170C216E2F4790E00090BA78 /* ScoreCountryDrawerView.swift in Sources */,
				170C216F2F4790E00090BA78 /* ScoreWorldMapView.swift in Sources */,
				170C21702F4790E00090BA78 /* SeasonalityModels.swift in Sources */,
				170C21712F4790E00090BA78 /* SeasonalityUIHelpers.swift in Sources */,
				170C21732F4790E00090BA78 /* TraveledStore.swift in Sources */,
				170C21742F4790E00090BA78 /* TravelScoreriOSApp.swift in Sources */,
				170C21752F4790E00090BA78 /* VideoBackgroundView.swift in Sources */,
				170C21762F4790E00090BA78 /* WhenToGoModels.swift in Sources */,
				170C21772F4790E00090BA78 /* WhenToGoView.swift in Sources */,
				170C227F2F47A9880090BA78 /* ScorePill.swift in Sources */,
				170C21782F4790E00090BA78 /* WhenToGoViewModel.swift in Sources */,
				170C21792F4790E00090BA78 /* WorldGeoJSONLoader.swift in Sources */,
				170C217A2F4790E00090BA78 /* WorldMapView.swift in Sources */,
				170C217B2F4790E00090BA78 /* WrapChips.swift in Sources */,
				17F063832F32732F00F1F4F3 /* AuthViewModel.swift in Sources */,
				170F3EC02F218C6C0083E900 /* APIConfig.swift in Sources */,
				172A74C92F357340003EF4DF /* SessionManager.swift in Sources */,
				17F063812F32730600F1F4F3 /* SupabaseClient.swift in Sources */,
			);
			runOnlyForDeploymentPostprocessing = 0;
		};
/* End PBXSourcesBuildPhase section */

/* Begin XCBuildConfiguration section */
		17AFEC932EC2C3D900B9585B /* Debug */ = {
			isa = XCBuildConfiguration;
			buildSettings = {
				ALWAYS_SEARCH_USER_PATHS = NO;
				ASSETCATALOG_COMPILER_GENERATE_SWIFT_ASSET_SYMBOL_EXTENSIONS = YES;
				CLANG_ANALYZER_NONNULL = YES;
				CLANG_ANALYZER_NUMBER_OBJECT_CONVERSION = YES_AGGRESSIVE;
				CLANG_CXX_LANGUAGE_STANDARD = "gnu++20";
				CLANG_ENABLE_MODULES = YES;
				CLANG_ENABLE_OBJC_ARC = YES;
				CLANG_ENABLE_OBJC_WEAK = YES;
				CLANG_WARN_BLOCK_CAPTURE_AUTORELEASING = YES;
				CLANG_WARN_BOOL_CONVERSION = YES;
				CLANG_WARN_COMMA = YES;
				CLANG_WARN_CONSTANT_CONVERSION = YES;
				CLANG_WARN_DEPRECATED_OBJC_IMPLEMENTATIONS = YES;
				CLANG_WARN_DIRECT_OBJC_ISA_USAGE = YES_ERROR;
				CLANG_WARN_DOCUMENTATION_COMMENTS = YES;
				CLANG_WARN_EMPTY_BODY = YES;
				CLANG_WARN_ENUM_CONVERSION = YES;
				CLANG_WARN_INFINITE_RECURSION = YES;
				CLANG_WARN_INT_CONVERSION = YES;
				CLANG_WARN_NON_LITERAL_NULL_CONVERSION = YES;
				CLANG_WARN_OBJC_IMPLICIT_RETAIN_SELF = YES;
				CLANG_WARN_OBJC_LITERAL_CONVERSION = YES;
				CLANG_WARN_OBJC_ROOT_CLASS = YES_ERROR;
				CLANG_WARN_QUOTED_INCLUDE_IN_FRAMEWORK_HEADER = YES;
				CLANG_WARN_RANGE_LOOP_ANALYSIS = YES;
				CLANG_WARN_STRICT_PROTOTYPES = YES;
				CLANG_WARN_SUSPICIOUS_MOVE = YES;
				CLANG_WARN_UNGUARDED_AVAILABILITY = YES_AGGRESSIVE;
				CLANG_WARN_UNREACHABLE_CODE = YES;
				CLANG_WARN__DUPLICATE_METHOD_MATCH = YES;
				COPY_PHASE_STRIP = NO;
				DEBUG_INFORMATION_FORMAT = dwarf;
				ENABLE_STRICT_OBJC_MSGSEND = YES;
				ENABLE_TESTABILITY = YES;
				ENABLE_USER_SCRIPT_SANDBOXING = YES;
				GCC_C_LANGUAGE_STANDARD = gnu17;
				GCC_DYNAMIC_NO_PIC = NO;
				GCC_NO_COMMON_BLOCKS = YES;
				GCC_OPTIMIZATION_LEVEL = 0;
				GCC_PREPROCESSOR_DEFINITIONS = (
					"DEBUG=1",
					"$(inherited)",
				);
				GCC_WARN_64_TO_32_BIT_CONVERSION = YES;
				GCC_WARN_ABOUT_RETURN_TYPE = YES_ERROR;
				GCC_WARN_UNDECLARED_SELECTOR = YES;
				GCC_WARN_UNINITIALIZED_AUTOS = YES_AGGRESSIVE;
				GCC_WARN_UNUSED_FUNCTION = YES;
				GCC_WARN_UNUSED_VARIABLE = YES;
				IPHONEOS_DEPLOYMENT_TARGET = 26.1;
				LOCALIZATION_PREFERS_STRING_CATALOGS = YES;
				MTL_ENABLE_DEBUG_INFO = INCLUDE_SOURCE;
				MTL_FAST_MATH = YES;
				ONLY_ACTIVE_ARCH = YES;
				SDKROOT = iphoneos;
				SWIFT_ACTIVE_COMPILATION_CONDITIONS = "DEBUG $(inherited)";
				SWIFT_OPTIMIZATION_LEVEL = "-Onone";
			};
			name = Debug;
		};
		17AFEC942EC2C3D900B9585B /* Release */ = {
			isa = XCBuildConfiguration;
			buildSettings = {
				ALWAYS_SEARCH_USER_PATHS = NO;
				ASSETCATALOG_COMPILER_GENERATE_SWIFT_ASSET_SYMBOL_EXTENSIONS = YES;
				CLANG_ANALYZER_NONNULL = YES;
				CLANG_ANALYZER_NUMBER_OBJECT_CONVERSION = YES_AGGRESSIVE;
				CLANG_CXX_LANGUAGE_STANDARD = "gnu++20";
				CLANG_ENABLE_MODULES = YES;
				CLANG_ENABLE_OBJC_ARC = YES;
				CLANG_ENABLE_OBJC_WEAK = YES;
				CLANG_WARN_BLOCK_CAPTURE_AUTORELEASING = YES;
				CLANG_WARN_BOOL_CONVERSION = YES;
				CLANG_WARN_COMMA = YES;
				CLANG_WARN_CONSTANT_CONVERSION = YES;
				CLANG_WARN_DEPRECATED_OBJC_IMPLEMENTATIONS = YES;
				CLANG_WARN_DIRECT_OBJC_ISA_USAGE = YES_ERROR;
				CLANG_WARN_DOCUMENTATION_COMMENTS = YES;
				CLANG_WARN_EMPTY_BODY = YES;
				CLANG_WARN_ENUM_CONVERSION = YES;
				CLANG_WARN_INFINITE_RECURSION = YES;
				CLANG_WARN_INT_CONVERSION = YES;
				CLANG_WARN_NON_LITERAL_NULL_CONVERSION = YES;
				CLANG_WARN_OBJC_IMPLICIT_RETAIN_SELF = YES;
				CLANG_WARN_OBJC_LITERAL_CONVERSION = YES;
				CLANG_WARN_OBJC_ROOT_CLASS = YES_ERROR;
				CLANG_WARN_QUOTED_INCLUDE_IN_FRAMEWORK_HEADER = YES;
				CLANG_WARN_RANGE_LOOP_ANALYSIS = YES;
				CLANG_WARN_STRICT_PROTOTYPES = YES;
				CLANG_WARN_SUSPICIOUS_MOVE = YES;
				CLANG_WARN_UNGUARDED_AVAILABILITY = YES_AGGRESSIVE;
				CLANG_WARN_UNREACHABLE_CODE = YES;
				CLANG_WARN__DUPLICATE_METHOD_MATCH = YES;
				COPY_PHASE_STRIP = NO;
				DEBUG_INFORMATION_FORMAT = "dwarf-with-dsym";
				ENABLE_NS_ASSERTIONS = NO;
				ENABLE_STRICT_OBJC_MSGSEND = YES;
				ENABLE_USER_SCRIPT_SANDBOXING = YES;
				GCC_C_LANGUAGE_STANDARD = gnu17;
				GCC_NO_COMMON_BLOCKS = YES;
				GCC_WARN_64_TO_32_BIT_CONVERSION = YES;
				GCC_WARN_ABOUT_RETURN_TYPE = YES_ERROR;
				GCC_WARN_UNDECLARED_SELECTOR = YES;
				GCC_WARN_UNINITIALIZED_AUTOS = YES_AGGRESSIVE;
				GCC_WARN_UNUSED_FUNCTION = YES;
				GCC_WARN_UNUSED_VARIABLE = YES;
				IPHONEOS_DEPLOYMENT_TARGET = 26.1;
				LOCALIZATION_PREFERS_STRING_CATALOGS = YES;
				MTL_ENABLE_DEBUG_INFO = NO;
				MTL_FAST_MATH = YES;
				SDKROOT = iphoneos;
				SWIFT_COMPILATION_MODE = wholemodule;
				VALIDATE_PRODUCT = YES;
			};
			name = Release;
		};
		17AFEC962EC2C3D900B9585B /* Debug */ = {
			isa = XCBuildConfiguration;
			buildSettings = {
				ASSETCATALOG_COMPILER_APPICON_NAME = AppIcon;
				ASSETCATALOG_COMPILER_GLOBAL_ACCENT_COLOR_NAME = AccentColor;
				CODE_SIGN_ENTITLEMENTS = TravelScorerIOS.entitlements;
				CODE_SIGN_STYLE = Automatic;
				CURRENT_PROJECT_VERSION = 3;
				DEVELOPMENT_TEAM = SVZL633CJV;
				ENABLE_PREVIEWS = YES;
				GENERATE_INFOPLIST_FILE = YES;
				INFOPLIST_FILE = Info.plist;
				INFOPLIST_KEY_CFBundleDisplayName = "Travel AF";
				INFOPLIST_KEY_UIApplicationSceneManifest_Generation = YES;
				INFOPLIST_KEY_UIApplicationSupportsIndirectInputEvents = YES;
				INFOPLIST_KEY_UILaunchScreen_Generation = YES;
				INFOPLIST_KEY_UISupportedInterfaceOrientations_iPad = "UIInterfaceOrientationPortrait UIInterfaceOrientationPortraitUpsideDown UIInterfaceOrientationLandscapeLeft UIInterfaceOrientationLandscapeRight";
				INFOPLIST_KEY_UISupportedInterfaceOrientations_iPhone = "UIInterfaceOrientationPortrait UIInterfaceOrientationLandscapeLeft UIInterfaceOrientationLandscapeRight";
				IPHONEOS_DEPLOYMENT_TARGET = 17.0;
				LD_RUNPATH_SEARCH_PATHS = (
					"$(inherited)",
					"@executable_path/Frameworks",
				);
				MARKETING_VERSION = 1.0.2;
				PRODUCT_BUNDLE_IDENTIFIER = com.iitslamaa.TravelScoreriOS;
				PRODUCT_NAME = "$(TARGET_NAME)";
				STRING_CATALOG_GENERATE_SYMBOLS = YES;
				SWIFT_APPROACHABLE_CONCURRENCY = YES;
				SWIFT_DEFAULT_ACTOR_ISOLATION = MainActor;
				SWIFT_EMIT_LOC_STRINGS = YES;
				SWIFT_UPCOMING_FEATURE_MEMBER_IMPORT_VISIBILITY = YES;
				SWIFT_VERSION = 5.0;
				TARGETED_DEVICE_FAMILY = "1,2";
			};
			name = Debug;
		};
		17AFEC972EC2C3D900B9585B /* Release */ = {
			isa = XCBuildConfiguration;
			buildSettings = {
				ASSETCATALOG_COMPILER_APPICON_NAME = AppIcon;
				ASSETCATALOG_COMPILER_GLOBAL_ACCENT_COLOR_NAME = AccentColor;
				CODE_SIGN_ENTITLEMENTS = TravelScorerIOS.entitlements;
				CODE_SIGN_STYLE = Automatic;
				CURRENT_PROJECT_VERSION = 3;
				DEVELOPMENT_TEAM = SVZL633CJV;
				ENABLE_PREVIEWS = YES;
				GENERATE_INFOPLIST_FILE = YES;
				INFOPLIST_FILE = Info.plist;
				INFOPLIST_KEY_CFBundleDisplayName = "Travel AF";
				INFOPLIST_KEY_UIApplicationSceneManifest_Generation = YES;
				INFOPLIST_KEY_UIApplicationSupportsIndirectInputEvents = YES;
				INFOPLIST_KEY_UILaunchScreen_Generation = YES;
				INFOPLIST_KEY_UISupportedInterfaceOrientations_iPad = "UIInterfaceOrientationPortrait UIInterfaceOrientationPortraitUpsideDown UIInterfaceOrientationLandscapeLeft UIInterfaceOrientationLandscapeRight";
				INFOPLIST_KEY_UISupportedInterfaceOrientations_iPhone = "UIInterfaceOrientationPortrait UIInterfaceOrientationLandscapeLeft UIInterfaceOrientationLandscapeRight";
				IPHONEOS_DEPLOYMENT_TARGET = 17.0;
				LD_RUNPATH_SEARCH_PATHS = (
					"$(inherited)",
					"@executable_path/Frameworks",
				);
				MARKETING_VERSION = 1.0.2;
				PRODUCT_BUNDLE_IDENTIFIER = com.iitslamaa.TravelScoreriOS;
				PRODUCT_NAME = "$(TARGET_NAME)";
				STRING_CATALOG_GENERATE_SYMBOLS = YES;
				SWIFT_APPROACHABLE_CONCURRENCY = YES;
				SWIFT_DEFAULT_ACTOR_ISOLATION = MainActor;
				SWIFT_EMIT_LOC_STRINGS = YES;
				SWIFT_UPCOMING_FEATURE_MEMBER_IMPORT_VISIBILITY = YES;
				SWIFT_VERSION = 5.0;
				TARGETED_DEVICE_FAMILY = "1,2";
			};
			name = Release;
		};
/* End XCBuildConfiguration section */

/* Begin XCConfigurationList section */
		17AFEC852EC2C3D800B9585B /* Build configuration list for PBXProject "TravelScoreriOS" */ = {
			isa = XCConfigurationList;
			buildConfigurations = (
				17AFEC932EC2C3D900B9585B /* Debug */,
				17AFEC942EC2C3D900B9585B /* Release */,
			);
			defaultConfigurationIsVisible = 0;
			defaultConfigurationName = Release;
		};
		17AFEC952EC2C3D900B9585B /* Build configuration list for PBXNativeTarget "TravelScoreriOS" */ = {
			isa = XCConfigurationList;
			buildConfigurations = (
				17AFEC962EC2C3D900B9585B /* Debug */,
				17AFEC972EC2C3D900B9585B /* Release */,
			);
			defaultConfigurationIsVisible = 0;
			defaultConfigurationName = Release;
		};
/* End XCConfigurationList section */

/* Begin XCRemoteSwiftPackageReference section */
		17F0637F2F326FDA00F1F4F3 /* XCRemoteSwiftPackageReference "supabase-swift" */ = {
			isa = XCRemoteSwiftPackageReference;
			repositoryURL = "https://github.com/supabase-community/supabase-swift";
			requirement = {
				kind = upToNextMajorVersion;
				minimumVersion = 2.5.1;
			};
		};
/* End XCRemoteSwiftPackageReference section */

/* Begin XCSwiftPackageProductDependency section */
		17F063872F32747D00F1F4F3 /* Supabase */ = {
			isa = XCSwiftPackageProductDependency;
			package = 17F0637F2F326FDA00F1F4F3 /* XCRemoteSwiftPackageReference "supabase-swift" */;
			productName = Supabase;
		};
/* End XCSwiftPackageProductDependency section */
	};
	rootObject = 17AFEC822EC2C3D800B9585B /* Project object */;
}
